
Microsoft Visual Studio Solution File, Format Version 12.00
# Visual Studio Version 16
VisualStudioVersion = 16.0.30406.217
MinimumVisualStudioVersion = 10.0.40219.1
Project("{FAE04EC0-301F-11D3-BF4B-00C04F79EFBC}") = "PR3", "PR3\PR3.csproj", "{EB4012DB-633A-4234-8B13-3F1A62200E88}"
EndProject
Global
	GlobalSection(SolutionConfigurationPlatforms) = preSolution
		Debug|Any CPU = Debug|Any CPU
		Release|Any CPU = Release|Any CPU
	EndGlobalSection
	GlobalSection(ProjectConfigurationPlatforms) = postSolution
		{EB4012DB-633A-4234-8B13-3F1A62200E88}.Debug|Any CPU.ActiveCfg = Debug|Any CPU
		{EB4012DB-633A-4234-8B13-3F1A62200E88}.Debug|Any CPU.Build.0 = Debug|Any CPU
		{EB4012DB-633A-4234-8B13-3F1A62200E88}.Release|Any CPU.ActiveCfg = Release|Any CPU
		{EB4012DB-633A-4234-8B13-3F1A62200E88}.Release|Any CPU.Build.0 = Release|Any CPU
	EndGlobalSection
	GlobalSection(SolutionProperties) = preSolution
		HideSolutionNode = FALSE
	EndGlobalSection
	GlobalSection(ExtensibilityGlobals) = postSolution
		SolutionGuid = {FD7E69EF-CFB0-4A3B-8951-D08E1DF32403}
	EndGlobalSection
EndGlobal
